// !$*UTF8*$!
{
	archiveVersion = 1;
	classes = {
	};
	objectVersion = 46;
	objects = {

/* Begin PBXBuildFile section */
		20CB1B7B1DE1C14E00A100D7 /* main.m in Sources */ = {isa = PBXBuildFile; fileRef = 20CB1B7A1DE1C14E00A100D7 /* main.m */; };
		20CB1B7E1DE1C14E00A100D7 /* AppDelegate.m in Sources */ = {isa = PBXBuildFile; fileRef = 20CB1B7D1DE1C14E00A100D7 /* AppDelegate.m */; };
		20CB1B841DE1C14E00A100D7 /* Main.storyboard in Resources */ = {isa = PBXBuildFile; fileRef = 20CB1B821DE1C14E00A100D7 /* Main.storyboard */; };
		20CB1B861DE1C14E00A100D7 /* Assets.xcassets in Resources */ = {isa = PBXBuildFile; fileRef = 20CB1B851DE1C14E00A100D7 /* Assets.xcassets */; };
		20CB1B891DE1C14E00A100D7 /* LaunchScreen.storyboard in Resources */ = {isa = PBXBuildFile; fileRef = 20CB1B871DE1C14E00A100D7 /* LaunchScreen.storyboard */; };
		20CB1B931DE1C34600A100D7 /* GoTWikiaArticle.m in Sources */ = {isa = PBXBuildFile; fileRef = 20CB1B921DE1C34600A100D7 /* GoTWikiaArticle.m */; };
		20CB1B961DE1C39500A100D7 /* GoTWikiaFetcher.m in Sources */ = {isa = PBXBuildFile; fileRef = 20CB1B951DE1C39500A100D7 /* GoTWikiaFetcher.m */; };
		20CB1BA61DE1C6A100A100D7 /* GoTWikiaArticleTests.m in Sources */ = {isa = PBXBuildFile; fileRef = 20CB1BA51DE1C6A100A100D7 /* GoTWikiaArticleTests.m */; };
		20CB1BA91DE1CEF000A100D7 /* ArticlesTableViewController.m in Sources */ = {isa = PBXBuildFile; fileRef = 20CB1BA81DE1CEF000A100D7 /* ArticlesTableViewController.m */; };
		20CB1BAC1DE1CF7600A100D7 /* ArticleTableViewCell.m in Sources */ = {isa = PBXBuildFile; fileRef = 20CB1BAB1DE1CF7600A100D7 /* ArticleTableViewCell.m */; };
		20CB1BB21DE1D94B00A100D7 /* WebImage.framework in Frameworks */ = {isa = PBXBuildFile; fileRef = 20CB1BB11DE1D94B00A100D7 /* WebImage.framework */; };
		20CB1BB61DE1DFE700A100D7 /* FavouriteArticlesManager.m in Sources */ = {isa = PBXBuildFile; fileRef = 20CB1BB51DE1DFE700A100D7 /* FavouriteArticlesManager.m */; };
		20CB1BB81DE1E23800A100D7 /* FavouriteArticlesManagerTests.m in Sources */ = {isa = PBXBuildFile; fileRef = 20CB1BB71DE1E23800A100D7 /* FavouriteArticlesManagerTests.m */; };
		20CB1BBB1DE1F8E000A100D7 /* ArticleDetailsViewController.m in Sources */ = {isa = PBXBuildFile; fileRef = 20CB1BBA1DE1F8E000A100D7 /* ArticleDetailsViewController.m */; };
		6080C4BD1DE413490031D666 /* GoTWikiaManagableArticle.m in Sources */ = {isa = PBXBuildFile; fileRef = 6080C4BC1DE413490031D666 /* GoTWikiaManagableArticle.m */; };
/* End PBXBuildFile section */

/* Begin PBXContainerItemProxy section */
		20CB1BA01DE1C67D00A100D7 /* PBXContainerItemProxy */ = {
			isa = PBXContainerItemProxy;
			containerPortal = 20CB1B6E1DE1C14E00A100D7 /* Project object */;
			proxyType = 1;
			remoteGlobalIDString = 20CB1B751DE1C14E00A100D7;
			remoteInfo = "GoT Characters";
		};
/* End PBXContainerItemProxy section */

/* Begin PBXFileReference section */
		20CB1B761DE1C14E00A100D7 /* GoT Characters.app */ = {isa = PBXFileReference; explicitFileType = wrapper.application; includeInIndex = 0; path = "GoT Characters.app"; sourceTree = BUILT_PRODUCTS_DIR; };
		20CB1B7A1DE1C14E00A100D7 /* main.m */ = {isa = PBXFileReference; lastKnownFileType = sourcecode.c.objc; path = main.m; sourceTree = "<group>"; };
		20CB1B7C1DE1C14E00A100D7 /* AppDelegate.h */ = {isa = PBXFileReference; lastKnownFileType = sourcecode.c.h; path = AppDelegate.h; sourceTree = "<group>"; };
		20CB1B7D1DE1C14E00A100D7 /* AppDelegate.m */ = {isa = PBXFileReference; lastKnownFileType = sourcecode.c.objc; path = AppDelegate.m; sourceTree = "<group>"; };
		20CB1B831DE1C14E00A100D7 /* Base */ = {isa = PBXFileReference; lastKnownFileType = file.storyboard; name = Base; path = Base.lproj/Main.storyboard; sourceTree = "<group>"; };
		20CB1B851DE1C14E00A100D7 /* Assets.xcassets */ = {isa = PBXFileReference; lastKnownFileType = folder.assetcatalog; path = Assets.xcassets; sourceTree = "<group>"; };
		20CB1B881DE1C14E00A100D7 /* Base */ = {isa = PBXFileReference; lastKnownFileType = file.storyboard; name = Base; path = Base.lproj/LaunchScreen.storyboard; sourceTree = "<group>"; };
		20CB1B8A1DE1C14E00A100D7 /* Info.plist */ = {isa = PBXFileReference; lastKnownFileType = text.plist.xml; path = Info.plist; sourceTree = "<group>"; };
		20CB1B911DE1C34600A100D7 /* GoTWikiaArticle.h */ = {isa = PBXFileReference; fileEncoding = 4; lastKnownFileType = sourcecode.c.h; path = GoTWikiaArticle.h; sourceTree = "<group>"; };
		20CB1B921DE1C34600A100D7 /* GoTWikiaArticle.m */ = {isa = PBXFileReference; fileEncoding = 4; lastKnownFileType = sourcecode.c.objc; path = GoTWikiaArticle.m; sourceTree = "<group>"; };
		20CB1B941DE1C39500A100D7 /* GoTWikiaFetcher.h */ = {isa = PBXFileReference; fileEncoding = 4; lastKnownFileType = sourcecode.c.h; path = GoTWikiaFetcher.h; sourceTree = "<group>"; };
		20CB1B951DE1C39500A100D7 /* GoTWikiaFetcher.m */ = {isa = PBXFileReference; fileEncoding = 4; lastKnownFileType = sourcecode.c.objc; path = GoTWikiaFetcher.m; sourceTree = "<group>"; };
		20CB1B9B1DE1C67D00A100D7 /* GoT Characters Tests.xctest */ = {isa = PBXFileReference; explicitFileType = wrapper.cfbundle; includeInIndex = 0; path = "GoT Characters Tests.xctest"; sourceTree = BUILT_PRODUCTS_DIR; };
		20CB1B9F1DE1C67D00A100D7 /* Info.plist */ = {isa = PBXFileReference; lastKnownFileType = text.plist.xml; path = Info.plist; sourceTree = "<group>"; };
		20CB1BA51DE1C6A100A100D7 /* GoTWikiaArticleTests.m */ = {isa = PBXFileReference; fileEncoding = 4; lastKnownFileType = sourcecode.c.objc; path = GoTWikiaArticleTests.m; sourceTree = "<group>"; };
		20CB1BA71DE1CEF000A100D7 /* ArticlesTableViewController.h */ = {isa = PBXFileReference; fileEncoding = 4; lastKnownFileType = sourcecode.c.h; path = ArticlesTableViewController.h; sourceTree = "<group>"; };
		20CB1BA81DE1CEF000A100D7 /* ArticlesTableViewController.m */ = {isa = PBXFileReference; fileEncoding = 4; lastKnownFileType = sourcecode.c.objc; path = ArticlesTableViewController.m; sourceTree = "<group>"; };
		20CB1BAA1DE1CF7600A100D7 /* ArticleTableViewCell.h */ = {isa = PBXFileReference; fileEncoding = 4; lastKnownFileType = sourcecode.c.h; path = ArticleTableViewCell.h; sourceTree = "<group>"; };
		20CB1BAB1DE1CF7600A100D7 /* ArticleTableViewCell.m */ = {isa = PBXFileReference; fileEncoding = 4; lastKnownFileType = sourcecode.c.objc; path = ArticleTableViewCell.m; sourceTree = "<group>"; };
		20CB1BB11DE1D94B00A100D7 /* WebImage.framework */ = {isa = PBXFileReference; lastKnownFileType = wrapper.framework; name = WebImage.framework; path = Carthage/Build/iOS/WebImage.framework; sourceTree = "<group>"; };
		20CB1BB41DE1DFE700A100D7 /* FavouriteArticlesManager.h */ = {isa = PBXFileReference; fileEncoding = 4; lastKnownFileType = sourcecode.c.h; path = FavouriteArticlesManager.h; sourceTree = "<group>"; };
		20CB1BB51DE1DFE700A100D7 /* FavouriteArticlesManager.m */ = {isa = PBXFileReference; fileEncoding = 4; lastKnownFileType = sourcecode.c.objc; path = FavouriteArticlesManager.m; sourceTree = "<group>"; };
		20CB1BB71DE1E23800A100D7 /* FavouriteArticlesManagerTests.m */ = {isa = PBXFileReference; fileEncoding = 4; lastKnownFileType = sourcecode.c.objc; path = FavouriteArticlesManagerTests.m; sourceTree = "<group>"; };
		20CB1BB91DE1F8E000A100D7 /* ArticleDetailsViewController.h */ = {isa = PBXFileReference; fileEncoding = 4; lastKnownFileType = sourcecode.c.h; path = ArticleDetailsViewController.h; sourceTree = "<group>"; };
		20CB1BBA1DE1F8E000A100D7 /* ArticleDetailsViewController.m */ = {isa = PBXFileReference; fileEncoding = 4; lastKnownFileType = sourcecode.c.objc; path = ArticleDetailsViewController.m; sourceTree = "<group>"; };
		6080C4BB1DE413490031D666 /* GoTWikiaManagableArticle.h */ = {isa = PBXFileReference; fileEncoding = 4; lastKnownFileType = sourcecode.c.h; path = GoTWikiaManagableArticle.h; sourceTree = "<group>"; };
		6080C4BC1DE413490031D666 /* GoTWikiaManagableArticle.m */ = {isa = PBXFileReference; fileEncoding = 4; lastKnownFileType = sourcecode.c.objc; path = GoTWikiaManagableArticle.m; sourceTree = "<group>"; };
/* End PBXFileReference section */

/* Begin PBXFrameworksBuildPhase section */
		20CB1B731DE1C14E00A100D7 /* Frameworks */ = {
			isa = PBXFrameworksBuildPhase;
			buildActionMask = 2147483647;
			files = (
				20CB1BB21DE1D94B00A100D7 /* WebImage.framework in Frameworks */,
			);
			runOnlyForDeploymentPostprocessing = 0;
		};
		20CB1B981DE1C67D00A100D7 /* Frameworks */ = {
			isa = PBXFrameworksBuildPhase;
			buildActionMask = 2147483647;
			files = (
			);
			runOnlyForDeploymentPostprocessing = 0;
		};
/* End PBXFrameworksBuildPhase section */

/* Begin PBXGroup section */
		20CB1B6D1DE1C14E00A100D7 = {
			isa = PBXGroup;
			children = (
				20CB1BB01DE1D94B00A100D7 /* Frameworks */,
				20CB1B781DE1C14E00A100D7 /* GoT Characters */,
				20CB1B9C1DE1C67D00A100D7 /* GoT Characters Tests */,
				20CB1B771DE1C14E00A100D7 /* Products */,
			);
			sourceTree = "<group>";
		};
		20CB1B771DE1C14E00A100D7 /* Products */ = {
			isa = PBXGroup;
			children = (
				20CB1B761DE1C14E00A100D7 /* GoT Characters.app */,
				20CB1B9B1DE1C67D00A100D7 /* GoT Characters Tests.xctest */,
			);
			name = Products;
			sourceTree = "<group>";
		};
		20CB1B781DE1C14E00A100D7 /* GoT Characters */ = {
			isa = PBXGroup;
			children = (
				20CB1BAF1DE1D02100A100D7 /* Controllers */,
				20CB1BAE1DE1D01B00A100D7 /* Models */,
				20CB1B791DE1C14E00A100D7 /* Supporting Files */,
				20CB1BAD1DE1CF7F00A100D7 /* Views */,
			);
			path = "GoT Characters";
			sourceTree = "<group>";
		};
		20CB1B791DE1C14E00A100D7 /* Supporting Files */ = {
			isa = PBXGroup;
			children = (
				20CB1B7C1DE1C14E00A100D7 /* AppDelegate.h */,
				20CB1B7D1DE1C14E00A100D7 /* AppDelegate.m */,
				20CB1B851DE1C14E00A100D7 /* Assets.xcassets */,
				20CB1B8A1DE1C14E00A100D7 /* Info.plist */,
				20CB1B871DE1C14E00A100D7 /* LaunchScreen.storyboard */,
				20CB1B7A1DE1C14E00A100D7 /* main.m */,
			);
			path = "Supporting Files";
			sourceTree = "<group>";
		};
		20CB1B901DE1C33500A100D7 /* GoTWikia */ = {
			isa = PBXGroup;
			children = (
				20CB1B911DE1C34600A100D7 /* GoTWikiaArticle.h */,
				20CB1B921DE1C34600A100D7 /* GoTWikiaArticle.m */,
				20CB1B941DE1C39500A100D7 /* GoTWikiaFetcher.h */,
				20CB1B951DE1C39500A100D7 /* GoTWikiaFetcher.m */,
				6080C4BB1DE413490031D666 /* GoTWikiaManagableArticle.h */,
				6080C4BC1DE413490031D666 /* GoTWikiaManagableArticle.m */,
			);
			path = GoTWikia;
			sourceTree = "<group>";
		};
		20CB1B9C1DE1C67D00A100D7 /* GoT Characters Tests */ = {
			isa = PBXGroup;
			children = (
				20CB1BB71DE1E23800A100D7 /* FavouriteArticlesManagerTests.m */,
				20CB1BA51DE1C6A100A100D7 /* GoTWikiaArticleTests.m */,
				20CB1B9F1DE1C67D00A100D7 /* Info.plist */,
			);
			path = "GoT Characters Tests";
			sourceTree = "<group>";
		};
		20CB1BAD1DE1CF7F00A100D7 /* Views */ = {
			isa = PBXGroup;
			children = (
				20CB1BAA1DE1CF7600A100D7 /* ArticleTableViewCell.h */,
				20CB1BAB1DE1CF7600A100D7 /* ArticleTableViewCell.m */,
				20CB1B821DE1C14E00A100D7 /* Main.storyboard */,
			);
			path = Views;
			sourceTree = "<group>";
		};
		20CB1BAE1DE1D01B00A100D7 /* Models */ = {
			isa = PBXGroup;
			children = (
				20CB1B901DE1C33500A100D7 /* GoTWikia */,
				20CB1BB41DE1DFE700A100D7 /* FavouriteArticlesManager.h */,
				20CB1BB51DE1DFE700A100D7 /* FavouriteArticlesManager.m */,
			);
			path = Models;
			sourceTree = "<group>";
		};
		20CB1BAF1DE1D02100A100D7 /* Controllers */ = {
			isa = PBXGroup;
			children = (
				20CB1BB91DE1F8E000A100D7 /* ArticleDetailsViewController.h */,
				20CB1BBA1DE1F8E000A100D7 /* ArticleDetailsViewController.m */,
				20CB1BA71DE1CEF000A100D7 /* ArticlesTableViewController.h */,
				20CB1BA81DE1CEF000A100D7 /* ArticlesTableViewController.m */,
			);
			path = Controllers;
			sourceTree = "<group>";
		};
		20CB1BB01DE1D94B00A100D7 /* Frameworks */ = {
			isa = PBXGroup;
			children = (
				20CB1BB11DE1D94B00A100D7 /* WebImage.framework */,
			);
			name = Frameworks;
			sourceTree = "<group>";
		};
/* End PBXGroup section */

/* Begin PBXNativeTarget section */
		20CB1B751DE1C14E00A100D7 /* GoT Characters */ = {
			isa = PBXNativeTarget;
			buildConfigurationList = 20CB1B8D1DE1C14E00A100D7 /* Build configuration list for PBXNativeTarget "GoT Characters" */;
			buildPhases = (
				20CB1B721DE1C14E00A100D7 /* Sources */,
				20CB1B731DE1C14E00A100D7 /* Frameworks */,
				20CB1B741DE1C14E00A100D7 /* Resources */,
				20CB1BB31DE1D96200A100D7 /* ShellScript */,
			);
			buildRules = (
			);
			dependencies = (
			);
			name = "GoT Characters";
			productName = "GoT Characters";
			productReference = 20CB1B761DE1C14E00A100D7 /* GoT Characters.app */;
			productType = "com.apple.product-type.application";
		};
		20CB1B9A1DE1C67D00A100D7 /* GoT Characters Tests */ = {
			isa = PBXNativeTarget;
			buildConfigurationList = 20CB1BA21DE1C67D00A100D7 /* Build configuration list for PBXNativeTarget "GoT Characters Tests" */;
			buildPhases = (
				20CB1B971DE1C67D00A100D7 /* Sources */,
				20CB1B981DE1C67D00A100D7 /* Frameworks */,
				20CB1B991DE1C67D00A100D7 /* Resources */,
			);
			buildRules = (
			);
			dependencies = (
				20CB1BA11DE1C67D00A100D7 /* PBXTargetDependency */,
			);
			name = "GoT Characters Tests";
			productName = "GoT Characters Tests";
			productReference = 20CB1B9B1DE1C67D00A100D7 /* GoT Characters Tests.xctest */;
			productType = "com.apple.product-type.bundle.unit-test";
		};
/* End PBXNativeTarget section */

/* Begin PBXProject section */
		20CB1B6E1DE1C14E00A100D7 /* Project object */ = {
			isa = PBXProject;
			attributes = {
				LastUpgradeCheck = 0810;
				ORGANIZATIONNAME = "Mateusz Karwat";
				TargetAttributes = {
					20CB1B751DE1C14E00A100D7 = {
						CreatedOnToolsVersion = 8.1;
						ProvisioningStyle = Automatic;
					};
					20CB1B9A1DE1C67D00A100D7 = {
						CreatedOnToolsVersion = 8.1;
						ProvisioningStyle = Automatic;
						TestTargetID = 20CB1B751DE1C14E00A100D7;
					};
				};
			};
			buildConfigurationList = 20CB1B711DE1C14E00A100D7 /* Build configuration list for PBXProject "GoT Characters" */;
			compatibilityVersion = "Xcode 3.2";
			developmentRegion = English;
			hasScannedForEncodings = 0;
			knownRegions = (
				en,
				Base,
			);
			mainGroup = 20CB1B6D1DE1C14E00A100D7;
			productRefGroup = 20CB1B771DE1C14E00A100D7 /* Products */;
			projectDirPath = "";
			projectRoot = "";
			targets = (
				20CB1B751DE1C14E00A100D7 /* GoT Characters */,
				20CB1B9A1DE1C67D00A100D7 /* GoT Characters Tests */,
			);
		};
/* End PBXProject section */

/* Begin PBXResourcesBuildPhase section */
		20CB1B741DE1C14E00A100D7 /* Resources */ = {
			isa = PBXResourcesBuildPhase;
			buildActionMask = 2147483647;
			files = (
				20CB1B891DE1C14E00A100D7 /* LaunchScreen.storyboard in Resources */,
				20CB1B861DE1C14E00A100D7 /* Assets.xcassets in Resources */,
				20CB1B841DE1C14E00A100D7 /* Main.storyboard in Resources */,
			);
			runOnlyForDeploymentPostprocessing = 0;
		};
		20CB1B991DE1C67D00A100D7 /* Resources */ = {
			isa = PBXResourcesBuildPhase;
			buildActionMask = 2147483647;
			files = (
			);
			runOnlyForDeploymentPostprocessing = 0;
		};
/* End PBXResourcesBuildPhase section */

/* Begin PBXShellScriptBuildPhase section */
		20CB1BB31DE1D96200A100D7 /* ShellScript */ = {
			isa = PBXShellScriptBuildPhase;
			buildActionMask = 2147483647;
			files = (
			);
			inputPaths = (
				"$(SRCROOT)/Carthage/Build/iOS/WebImage.framework",
			);
			outputPaths = (
			);
			runOnlyForDeploymentPostprocessing = 0;
			shellPath = /bin/sh;
			shellScript = "/usr/local/bin/carthage copy-frameworks";
		};
/* End PBXShellScriptBuildPhase section */

/* Begin PBXSourcesBuildPhase section */
		20CB1B721DE1C14E00A100D7 /* Sources */ = {
			isa = PBXSourcesBuildPhase;
			buildActionMask = 2147483647;
			files = (
				20CB1B961DE1C39500A100D7 /* GoTWikiaFetcher.m in Sources */,
				20CB1BB61DE1DFE700A100D7 /* FavouriteArticlesManager.m in Sources */,
				6080C4BD1DE413490031D666 /* GoTWikiaManagableArticle.m in Sources */,
				20CB1BBB1DE1F8E000A100D7 /* ArticleDetailsViewController.m in Sources */,
				20CB1B7E1DE1C14E00A100D7 /* AppDelegate.m in Sources */,
				20CB1B7B1DE1C14E00A100D7 /* main.m in Sources */,
				20CB1B931DE1C34600A100D7 /* GoTWikiaArticle.m in Sources */,
				20CB1BAC1DE1CF7600A100D7 /* ArticleTableViewCell.m in Sources */,
				20CB1BA91DE1CEF000A100D7 /* ArticlesTableViewController.m in Sources */,
			);
			runOnlyForDeploymentPostprocessing = 0;
		};
		20CB1B971DE1C67D00A100D7 /* Sources */ = {
			isa = PBXSourcesBuildPhase;
			buildActionMask = 2147483647;
			files = (
				20CB1BB81DE1E23800A100D7 /* FavouriteArticlesManagerTests.m in Sources */,
				20CB1BA61DE1C6A100A100D7 /* GoTWikiaArticleTests.m in Sources */,
			);
			runOnlyForDeploymentPostprocessing = 0;
		};
/* End PBXSourcesBuildPhase section */

/* Begin PBXTargetDependency section */
		20CB1BA11DE1C67D00A100D7 /* PBXTargetDependency */ = {
			isa = PBXTargetDependency;
			target = 20CB1B751DE1C14E00A100D7 /* GoT Characters */;
			targetProxy = 20CB1BA01DE1C67D00A100D7 /* PBXContainerItemProxy */;
		};
/* End PBXTargetDependency section */

/* Begin PBXVariantGroup section */
		20CB1B821DE1C14E00A100D7 /* Main.storyboard */ = {
			isa = PBXVariantGroup;
			children = (
				20CB1B831DE1C14E00A100D7 /* Base */,
			);
			name = Main.storyboard;
			path = .;
			sourceTree = "<group>";
		};
		20CB1B871DE1C14E00A100D7 /* LaunchScreen.storyboard */ = {
			isa = PBXVariantGroup;
			children = (
				20CB1B881DE1C14E00A100D7 /* Base */,
			);
			name = LaunchScreen.storyboard;
			path = .;
			sourceTree = "<group>";
		};
/* End PBXVariantGroup section */

/* Begin XCBuildConfiguration section */
		20CB1B8B1DE1C14E00A100D7 /* Debug */ = {
			isa = XCBuildConfiguration;
			buildSettings = {
				ALWAYS_SEARCH_USER_PATHS = NO;
				CLANG_ANALYZER_NONNULL = YES;
				CLANG_CXX_LANGUAGE_STANDARD = "gnu++0x";
				CLANG_CXX_LIBRARY = "libc++";
				CLANG_ENABLE_MODULES = YES;
				CLANG_ENABLE_OBJC_ARC = YES;
				CLANG_WARN_BOOL_CONVERSION = YES;
				CLANG_WARN_CONSTANT_CONVERSION = YES;
				CLANG_WARN_DIRECT_OBJC_ISA_USAGE = YES_ERROR;
				CLANG_WARN_DOCUMENTATION_COMMENTS = YES;
				CLANG_WARN_EMPTY_BODY = YES;
				CLANG_WARN_ENUM_CONVERSION = YES;
				CLANG_WARN_INFINITE_RECURSION = YES;
				CLANG_WARN_INT_CONVERSION = YES;
				CLANG_WARN_OBJC_ROOT_CLASS = YES_ERROR;
				CLANG_WARN_SUSPICIOUS_MOVES = YES;
				CLANG_WARN_UNREACHABLE_CODE = YES;
				CLANG_WARN__DUPLICATE_METHOD_MATCH = YES;
				"CODE_SIGN_IDENTITY[sdk=iphoneos*]" = "iPhone Developer";
				COPY_PHASE_STRIP = NO;
				DEBUG_INFORMATION_FORMAT = dwarf;
				ENABLE_STRICT_OBJC_MSGSEND = YES;
				ENABLE_TESTABILITY = YES;
				GCC_C_LANGUAGE_STANDARD = gnu99;
				GCC_DYNAMIC_NO_PIC = NO;
				GCC_NO_COMMON_BLOCKS = YES;
				GCC_OPTIMIZATION_LEVEL = 0;
				GCC_PREPROCESSOR_DEFINITIONS = (
					"DEBUG=1",
					"$(inherited)",
				);
				GCC_WARN_64_TO_32_BIT_CONVERSION = YES;
				GCC_WARN_ABOUT_RETURN_TYPE = YES_ERROR;
				GCC_WARN_UNDECLARED_SELECTOR = YES;
				GCC_WARN_UNINITIALIZED_AUTOS = YES_AGGRESSIVE;
				GCC_WARN_UNUSED_FUNCTION = YES;
				GCC_WARN_UNUSED_VARIABLE = YES;
				IPHONEOS_DEPLOYMENT_TARGET = 10.1;
				MTL_ENABLE_DEBUG_INFO = YES;
				ONLY_ACTIVE_ARCH = YES;
				SDKROOT = iphoneos;
			};
			name = Debug;
		};
		20CB1B8C1DE1C14E00A100D7 /* Release */ = {
			isa = XCBuildConfiguration;
			buildSettings = {
				ALWAYS_SEARCH_USER_PATHS = NO;
				CLANG_ANALYZER_NONNULL = YES;
				CLANG_CXX_LANGUAGE_STANDARD = "gnu++0x";
				CLANG_CXX_LIBRARY = "libc++";
				CLANG_ENABLE_MODULES = YES;
				CLANG_ENABLE_OBJC_ARC = YES;
				CLANG_WARN_BOOL_CONVERSION = YES;
				CLANG_WARN_CONSTANT_CONVERSION = YES;
				CLANG_WARN_DIRECT_OBJC_ISA_USAGE = YES_ERROR;
				CLANG_WARN_DOCUMENTATION_COMMENTS = YES;
				CLANG_WARN_EMPTY_BODY = YES;
				CLANG_WARN_ENUM_CONVERSION = YES;
				CLANG_WARN_INFINITE_RECURSION = YES;
				CLANG_WARN_INT_CONVERSION = YES;
				CLANG_WARN_OBJC_ROOT_CLASS = YES_ERROR;
				CLANG_WARN_SUSPICIOUS_MOVES = YES;
				CLANG_WARN_UNREACHABLE_CODE = YES;
				CLANG_WARN__DUPLICATE_METHOD_MATCH = YES;
				"CODE_SIGN_IDENTITY[sdk=iphoneos*]" = "iPhone Developer";
				COPY_PHASE_STRIP = NO;
				DEBUG_INFORMATION_FORMAT = "dwarf-with-dsym";
				ENABLE_NS_ASSERTIONS = NO;
				ENABLE_STRICT_OBJC_MSGSEND = YES;
				GCC_C_LANGUAGE_STANDARD = gnu99;
				GCC_NO_COMMON_BLOCKS = YES;
				GCC_WARN_64_TO_32_BIT_CONVERSION = YES;
				GCC_WARN_ABOUT_RETURN_TYPE = YES_ERROR;
				GCC_WARN_UNDECLARED_SELECTOR = YES;
				GCC_WARN_UNINITIALIZED_AUTOS = YES_AGGRESSIVE;
				GCC_WARN_UNUSED_FUNCTION = YES;
				GCC_WARN_UNUSED_VARIABLE = YES;
				IPHONEOS_DEPLOYMENT_TARGET = 10.1;
				MTL_ENABLE_DEBUG_INFO = NO;
				SDKROOT = iphoneos;
				VALIDATE_PRODUCT = YES;
			};
			name = Release;
		};
		20CB1B8E1DE1C14E00A100D7 /* Debug */ = {
			isa = XCBuildConfiguration;
			buildSettings = {
				ASSETCATALOG_COMPILER_APPICON_NAME = AppIcon;
				FRAMEWORK_SEARCH_PATHS = (
					"$(inherited)",
					"$(PROJECT_DIR)/Carthage/Build/iOS",
				);
				INFOPLIST_FILE = "GoT Characters/Supporting Files/Info.plist";
				IPHONEOS_DEPLOYMENT_TARGET = 8.0;
				LD_RUNPATH_SEARCH_PATHS = "$(inherited) @executable_path/Frameworks";
				PRODUCT_BUNDLE_IDENTIFIER = "com.mateuszkarwat.GoT-Characters";
				PRODUCT_NAME = "$(TARGET_NAME)";
			};
			name = Debug;
		};
		20CB1B8F1DE1C14E00A100D7 /* Release */ = {
			isa = XCBuildConfiguration;
			buildSettings = {
				ASSETCATALOG_COMPILER_APPICON_NAME = AppIcon;
				FRAMEWORK_SEARCH_PATHS = (
					"$(inherited)",
					"$(PROJECT_DIR)/Carthage/Build/iOS",
				);
				INFOPLIST_FILE = "GoT Characters/Supporting Files/Info.plist";
				IPHONEOS_DEPLOYMENT_TARGET = 8.0;
				LD_RUNPATH_SEARCH_PATHS = "$(inherited) @executable_path/Frameworks";
				PRODUCT_BUNDLE_IDENTIFIER = "com.mateuszkarwat.GoT-Characters";
				PRODUCT_NAME = "$(TARGET_NAME)";
			};
			name = Release;
		};
		20CB1BA31DE1C67D00A100D7 /* Debug */ = {
			isa = XCBuildConfiguration;
			buildSettings = {
				BUNDLE_LOADER = "$(TEST_HOST)";
				INFOPLIST_FILE = "GoT Characters Tests/Info.plist";
				LD_RUNPATH_SEARCH_PATHS = "$(inherited) @executable_path/Frameworks @loader_path/Frameworks";
				PRODUCT_BUNDLE_IDENTIFIER = "com.mateuszkarwat.GoT-Characters-Tests";
				PRODUCT_NAME = "$(TARGET_NAME)";
				TEST_HOST = "$(BUILT_PRODUCTS_DIR)/GoT Characters.app/GoT Characters";
			};
			name = Debug;
		};
		20CB1BA41DE1C67D00A100D7 /* Release */ = {
			isa = XCBuildConfiguration;
			buildSettings = {
				BUNDLE_LOADER = "$(TEST_HOST)";
				INFOPLIST_FILE = "GoT Characters Tests/Info.plist";
				LD_RUNPATH_SEARCH_PATHS = "$(inherited) @executable_path/Frameworks @loader_path/Frameworks";
				PRODUCT_BUNDLE_IDENTIFIER = "com.mateuszkarwat.GoT-Characters-Tests";
				PRODUCT_NAME = "$(TARGET_NAME)";
				TEST_HOST = "$(BUILT_PRODUCTS_DIR)/GoT Characters.app/GoT Characters";
			};
			name = Release;
		};
/* End XCBuildConfiguration section */

/* Begin XCConfigurationList section */
		20CB1B711DE1C14E00A100D7 /* Build configuration list for PBXProject "GoT Characters" */ = {
			isa = XCConfigurationList;
			buildConfigurations = (
				20CB1B8B1DE1C14E00A100D7 /* Debug */,
				20CB1B8C1DE1C14E00A100D7 /* Release */,
			);
			defaultConfigurationIsVisible = 0;
			defaultConfigurationName = Release;
		};
		20CB1B8D1DE1C14E00A100D7 /* Build configuration list for PBXNativeTarget "GoT Characters" */ = {
			isa = XCConfigurationList;
			buildConfigurations = (
				20CB1B8E1DE1C14E00A100D7 /* Debug */,
				20CB1B8F1DE1C14E00A100D7 /* Release */,
			);
			defaultConfigurationIsVisible = 0;
			defaultConfigurationName = Release;
		};
		20CB1BA21DE1C67D00A100D7 /* Build configuration list for PBXNativeTarget "GoT Characters Tests" */ = {
			isa = XCConfigurationList;
			buildConfigurations = (
				20CB1BA31DE1C67D00A100D7 /* Debug */,
				20CB1BA41DE1C67D00A100D7 /* Release */,
			);
			defaultConfigurationIsVisible = 0;
			defaultConfigurationName = Release;
		};
/* End XCConfigurationList section */
	};
	rootObject = 20CB1B6E1DE1C14E00A100D7 /* Project object */;
}
